// !$*UTF8*$!
{
	archiveVersion = 1;
	classes = {
	};
	objectVersion = 48;
	objects = {

/* Begin PBXBuildFile section */
		131867211C6834240212777E /* Pods_breakpoint.framework in Frameworks */ = {isa = PBXBuildFile; fileRef = 39538E0ED9AE0356C7F147D9 /* Pods_breakpoint.framework */; };
		694A0F041FB1A264005ABA10 /* DataServices.swift in Sources */ = {isa = PBXBuildFile; fileRef = 694A0F031FB1A264005ABA10 /* DataServices.swift */; };
		694C86C31FB6E16C006258CC /* AuthVC.swift in Sources */ = {isa = PBXBuildFile; fileRef = 694C86C21FB6E16C006258CC /* AuthVC.swift */; };
		694C86C51FB6E1E1006258CC /* LoginVC.swift in Sources */ = {isa = PBXBuildFile; fileRef = 694C86C41FB6E1E1006258CC /* LoginVC.swift */; };
		694C86C71FB6E256006258CC /* InsetTextField.swift in Sources */ = {isa = PBXBuildFile; fileRef = 694C86C61FB6E256006258CC /* InsetTextField.swift */; };
		694C86CA1FB6E869006258CC /* ShadowView.swift in Sources */ = {isa = PBXBuildFile; fileRef = 694C86C91FB6E869006258CC /* ShadowView.swift */; };
		696238DB1FB19AF600E9C06F /* AppDelegate.swift in Sources */ = {isa = PBXBuildFile; fileRef = 696238DA1FB19AF600E9C06F /* AppDelegate.swift */; };
		696238DD1FB19AF600E9C06F /* FirstViewController.swift in Sources */ = {isa = PBXBuildFile; fileRef = 696238DC1FB19AF600E9C06F /* FirstViewController.swift */; };
		696238DF1FB19AF600E9C06F /* SecondViewController.swift in Sources */ = {isa = PBXBuildFile; fileRef = 696238DE1FB19AF600E9C06F /* SecondViewController.swift */; };
		696238E21FB19AF600E9C06F /* Main.storyboard in Resources */ = {isa = PBXBuildFile; fileRef = 696238E01FB19AF600E9C06F /* Main.storyboard */; };
		696238E41FB19AF600E9C06F /* Assets.xcassets in Resources */ = {isa = PBXBuildFile; fileRef = 696238E31FB19AF600E9C06F /* Assets.xcassets */; };
		696238E71FB19AF600E9C06F /* LaunchScreen.storyboard in Resources */ = {isa = PBXBuildFile; fileRef = 696238E51FB19AF600E9C06F /* LaunchScreen.storyboard */; };
		69FE2C251FB6F1F500ED8ADD /* GoogleService-Info.plist in Resources */ = {isa = PBXBuildFile; fileRef = 69FE2C231FB6F1E600ED8ADD /* GoogleService-Info.plist */; };
/* End PBXBuildFile section */

/* Begin PBXFileReference section */
		39538E0ED9AE0356C7F147D9 /* Pods_breakpoint.framework */ = {isa = PBXFileReference; explicitFileType = wrapper.framework; includeInIndex = 0; path = Pods_breakpoint.framework; sourceTree = BUILT_PRODUCTS_DIR; };
		694A0F031FB1A264005ABA10 /* DataServices.swift */ = {isa = PBXFileReference; lastKnownFileType = sourcecode.swift; path = DataServices.swift; sourceTree = "<group>"; };
		694C86C21FB6E16C006258CC /* AuthVC.swift */ = {isa = PBXFileReference; lastKnownFileType = sourcecode.swift; path = AuthVC.swift; sourceTree = "<group>"; };
		694C86C41FB6E1E1006258CC /* LoginVC.swift */ = {isa = PBXFileReference; lastKnownFileType = sourcecode.swift; path = LoginVC.swift; sourceTree = "<group>"; };
		694C86C61FB6E256006258CC /* InsetTextField.swift */ = {isa = PBXFileReference; lastKnownFileType = sourcecode.swift; path = InsetTextField.swift; sourceTree = "<group>"; };
		694C86C91FB6E869006258CC /* ShadowView.swift */ = {isa = PBXFileReference; lastKnownFileType = sourcecode.swift; path = ShadowView.swift; sourceTree = "<group>"; };
		696238D71FB19AF500E9C06F /* breakpoint.app */ = {isa = PBXFileReference; explicitFileType = wrapper.application; includeInIndex = 0; path = breakpoint.app; sourceTree = BUILT_PRODUCTS_DIR; };
		696238DA1FB19AF600E9C06F /* AppDelegate.swift */ = {isa = PBXFileReference; lastKnownFileType = sourcecode.swift; path = AppDelegate.swift; sourceTree = "<group>"; };
		696238DC1FB19AF600E9C06F /* FirstViewController.swift */ = {isa = PBXFileReference; lastKnownFileType = sourcecode.swift; path = FirstViewController.swift; sourceTree = "<group>"; };
		696238DE1FB19AF600E9C06F /* SecondViewController.swift */ = {isa = PBXFileReference; lastKnownFileType = sourcecode.swift; path = SecondViewController.swift; sourceTree = "<group>"; };
		696238E11FB19AF600E9C06F /* Base */ = {isa = PBXFileReference; lastKnownFileType = file.storyboard; name = Base; path = Base.lproj/Main.storyboard; sourceTree = "<group>"; };
		696238E31FB19AF600E9C06F /* Assets.xcassets */ = {isa = PBXFileReference; lastKnownFileType = folder.assetcatalog; path = Assets.xcassets; sourceTree = "<group>"; };
		696238E61FB19AF600E9C06F /* Base */ = {isa = PBXFileReference; lastKnownFileType = file.storyboard; name = Base; path = Base.lproj/LaunchScreen.storyboard; sourceTree = "<group>"; };
		696238E81FB19AF600E9C06F /* Info.plist */ = {isa = PBXFileReference; lastKnownFileType = text.plist.xml; path = Info.plist; sourceTree = "<group>"; };
		69FE2C231FB6F1E600ED8ADD /* GoogleService-Info.plist */ = {isa = PBXFileReference; lastKnownFileType = text.plist.xml; path = "GoogleService-Info.plist"; sourceTree = "<group>"; };
		AE63425C873FD2B244F31B8E /* Pods-breakpoint.debug.xcconfig */ = {isa = PBXFileReference; includeInIndex = 1; lastKnownFileType = text.xcconfig; name = "Pods-breakpoint.debug.xcconfig"; path = "Pods/Target Support Files/Pods-breakpoint/Pods-breakpoint.debug.xcconfig"; sourceTree = "<group>"; };
		F7815BD48C889726A8353225 /* Pods-breakpoint.release.xcconfig */ = {isa = PBXFileReference; includeInIndex = 1; lastKnownFileType = text.xcconfig; name = "Pods-breakpoint.release.xcconfig"; path = "Pods/Target Support Files/Pods-breakpoint/Pods-breakpoint.release.xcconfig"; sourceTree = "<group>"; };
/* End PBXFileReference section */

/* Begin PBXFrameworksBuildPhase section */
		696238D41FB19AF500E9C06F /* Frameworks */ = {
			isa = PBXFrameworksBuildPhase;
			buildActionMask = 2147483647;
			files = (
				131867211C6834240212777E /* Pods_breakpoint.framework in Frameworks */,
			);
			runOnlyForDeploymentPostprocessing = 0;
		};
/* End PBXFrameworksBuildPhase section */

/* Begin PBXGroup section */
		696238CE1FB19AF500E9C06F = {
			isa = PBXGroup;
			children = (
				696238D91FB19AF600E9C06F /* breakpoint */,
				696238D81FB19AF500E9C06F /* Products */,
				988FAAE92E639A1776A9A025 /* Pods */,
				D36473CF81D78A2E1F544758 /* Frameworks */,
			);
			sourceTree = "<group>";
		};
		696238D81FB19AF500E9C06F /* Products */ = {
			isa = PBXGroup;
			children = (
				696238D71FB19AF500E9C06F /* breakpoint.app */,
			);
			name = Products;
			sourceTree = "<group>";
		};
		696238D91FB19AF600E9C06F /* breakpoint */ = {
			isa = PBXGroup;
			children = (
				696238F21FB19BC600E9C06F /* Services */,
				696238F11FB19B9100E9C06F /* Extension */,
				696238F01FB19B7B00E9C06F /* View */,
				696238EF1FB19B7100E9C06F /* Model */,
				696238EE1FB19B4000E9C06F /* Controller */,
				696238DA1FB19AF600E9C06F /* AppDelegate.swift */,
				696238E01FB19AF600E9C06F /* Main.storyboard */,
				696238E31FB19AF600E9C06F /* Assets.xcassets */,
				696238E51FB19AF600E9C06F /* LaunchScreen.storyboard */,
				696238E81FB19AF600E9C06F /* Info.plist */,
				69FE2C231FB6F1E600ED8ADD /* GoogleService-Info.plist */,
			);
			path = breakpoint;
			sourceTree = "<group>";
		};
		696238EE1FB19B4000E9C06F /* Controller */ = {
			isa = PBXGroup;
			children = (
				696238DC1FB19AF600E9C06F /* FirstViewController.swift */,
				696238DE1FB19AF600E9C06F /* SecondViewController.swift */,
				694C86C21FB6E16C006258CC /* AuthVC.swift */,
				694C86C41FB6E1E1006258CC /* LoginVC.swift */,
			);
			path = Controller;
			sourceTree = "<group>";
		};
		696238EF1FB19B7100E9C06F /* Model */ = {
			isa = PBXGroup;
			children = (
			);
			path = Model;
			sourceTree = "<group>";
		};
		696238F01FB19B7B00E9C06F /* View */ = {
			isa = PBXGroup;
			children = (
				694C86C61FB6E256006258CC /* InsetTextField.swift */,
				694C86C91FB6E869006258CC /* ShadowView.swift */,
			);
			path = View;
			sourceTree = "<group>";
		};
		696238F11FB19B9100E9C06F /* Extension */ = {
			isa = PBXGroup;
			children = (
			);
			path = Extension;
			sourceTree = "<group>";
		};
		696238F21FB19BC600E9C06F /* Services */ = {
			isa = PBXGroup;
			children = (
				694A0F031FB1A264005ABA10 /* DataServices.swift */,
			);
			path = Services;
			sourceTree = "<group>";
		};
		988FAAE92E639A1776A9A025 /* Pods */ = {
			isa = PBXGroup;
			children = (
				AE63425C873FD2B244F31B8E /* Pods-breakpoint.debug.xcconfig */,
				F7815BD48C889726A8353225 /* Pods-breakpoint.release.xcconfig */,
			);
			name = Pods;
			sourceTree = "<group>";
		};
		D36473CF81D78A2E1F544758 /* Frameworks */ = {
			isa = PBXGroup;
			children = (
				39538E0ED9AE0356C7F147D9 /* Pods_breakpoint.framework */,
			);
			name = Frameworks;
			sourceTree = "<group>";
		};
/* End PBXGroup section */

/* Begin PBXNativeTarget section */
		696238D61FB19AF500E9C06F /* breakpoint */ = {
			isa = PBXNativeTarget;
			buildConfigurationList = 696238EB1FB19AF600E9C06F /* Build configuration list for PBXNativeTarget "breakpoint" */;
			buildPhases = (
				5DAE40015D696614B9AB6AF4 /* [CP] Check Pods Manifest.lock */,
				696238D31FB19AF500E9C06F /* Sources */,
				696238D41FB19AF500E9C06F /* Frameworks */,
				696238D51FB19AF500E9C06F /* Resources */,
				A26A69A31C0FA7CFC43E6CE9 /* [CP] Embed Pods Frameworks */,
				A2B85E833F02844893694F87 /* [CP] Copy Pods Resources */,
			);
			buildRules = (
			);
			dependencies = (
			);
			name = breakpoint;
			productName = breakpoint;
			productReference = 696238D71FB19AF500E9C06F /* breakpoint.app */;
			productType = "com.apple.product-type.application";
		};
/* End PBXNativeTarget section */

/* Begin PBXProject section */
		696238CF1FB19AF500E9C06F /* Project object */ = {
			isa = PBXProject;
			attributes = {
				LastSwiftUpdateCheck = 0900;
				LastUpgradeCheck = 0900;
				ORGANIZATIONNAME = AliceChang;
				TargetAttributes = {
					696238D61FB19AF500E9C06F = {
						CreatedOnToolsVersion = 9.0;
						ProvisioningStyle = Automatic;
					};
				};
			};
			buildConfigurationList = 696238D21FB19AF500E9C06F /* Build configuration list for PBXProject "breakpoint" */;
			compatibilityVersion = "Xcode 8.0";
			developmentRegion = en;
			hasScannedForEncodings = 0;
			knownRegions = (
				en,
				Base,
			);
			mainGroup = 696238CE1FB19AF500E9C06F;
			productRefGroup = 696238D81FB19AF500E9C06F /* Products */;
			projectDirPath = "";
			projectRoot = "";
			targets = (
				696238D61FB19AF500E9C06F /* breakpoint */,
			);
		};
/* End PBXProject section */

/* Begin PBXResourcesBuildPhase section */
		696238D51FB19AF500E9C06F /* Resources */ = {
			isa = PBXResourcesBuildPhase;
			buildActionMask = 2147483647;
			files = (
				69FE2C251FB6F1F500ED8ADD /* GoogleService-Info.plist in Resources */,
				696238E71FB19AF600E9C06F /* LaunchScreen.storyboard in Resources */,
				696238E41FB19AF600E9C06F /* Assets.xcassets in Resources */,
				696238E21FB19AF600E9C06F /* Main.storyboard in Resources */,
			);
			runOnlyForDeploymentPostprocessing = 0;
		};
/* End PBXResourcesBuildPhase section */

/* Begin PBXShellScriptBuildPhase section */
		5DAE40015D696614B9AB6AF4 /* [CP] Check Pods Manifest.lock */ = {
			isa = PBXShellScriptBuildPhase;
			buildActionMask = 2147483647;
			files = (
			);
			inputPaths = (
				"${PODS_PODFILE_DIR_PATH}/Podfile.lock",
				"${PODS_ROOT}/Manifest.lock",
			);
			name = "[CP] Check Pods Manifest.lock";
			outputPaths = (
				"$(DERIVED_FILE_DIR)/Pods-breakpoint-checkManifestLockResult.txt",
			);
			runOnlyForDeploymentPostprocessing = 0;
			shellPath = /bin/sh;
			shellScript = "diff \"${PODS_PODFILE_DIR_PATH}/Podfile.lock\" \"${PODS_ROOT}/Manifest.lock\" > /dev/null\nif [ $? != 0 ] ; then\n    # print error to STDERR\n    echo \"error: The sandbox is not in sync with the Podfile.lock. Run 'pod install' or update your CocoaPods installation.\" >&2\n    exit 1\nfi\n# This output is used by Xcode 'outputs' to avoid re-running this script phase.\necho \"SUCCESS\" > \"${SCRIPT_OUTPUT_FILE_0}\"\n";
			showEnvVarsInLog = 0;
		};
		A26A69A31C0FA7CFC43E6CE9 /* [CP] Embed Pods Frameworks */ = {
			isa = PBXShellScriptBuildPhase;
			buildActionMask = 2147483647;
			files = (
			);
			inputPaths = (
				"${SRCROOT}/Pods/Target Support Files/Pods-breakpoint/Pods-breakpoint-frameworks.sh",
				"${BUILT_PRODUCTS_DIR}/GTMSessionFetcher/GTMSessionFetcher.framework",
				"${BUILT_PRODUCTS_DIR}/GoogleToolboxForMac/GoogleToolboxForMac.framework",
				"${BUILT_PRODUCTS_DIR}/leveldb-library/leveldb.framework",
				"${BUILT_PRODUCTS_DIR}/nanopb/nanopb.framework",
			);
			name = "[CP] Embed Pods Frameworks";
			outputPaths = (
				"${TARGET_BUILD_DIR}/${FRAMEWORKS_FOLDER_PATH}/GTMSessionFetcher.framework",
				"${TARGET_BUILD_DIR}/${FRAMEWORKS_FOLDER_PATH}/GoogleToolboxForMac.framework",
				"${TARGET_BUILD_DIR}/${FRAMEWORKS_FOLDER_PATH}/leveldb.framework",
				"${TARGET_BUILD_DIR}/${FRAMEWORKS_FOLDER_PATH}/nanopb.framework",
			);
			runOnlyForDeploymentPostprocessing = 0;
			shellPath = /bin/sh;
			shellScript = "\"${SRCROOT}/Pods/Target Support Files/Pods-breakpoint/Pods-breakpoint-frameworks.sh\"\n";
			showEnvVarsInLog = 0;
		};
		A2B85E833F02844893694F87 /* [CP] Copy Pods Resources */ = {
			isa = PBXShellScriptBuildPhase;
			buildActionMask = 2147483647;
			files = (
			);
			inputPaths = (
			);
			name = "[CP] Copy Pods Resources";
			outputPaths = (
			);
			runOnlyForDeploymentPostprocessing = 0;
			shellPath = /bin/sh;
			shellScript = "\"${SRCROOT}/Pods/Target Support Files/Pods-breakpoint/Pods-breakpoint-resources.sh\"\n";
			showEnvVarsInLog = 0;
		};
/* End PBXShellScriptBuildPhase section */

/* Begin PBXSourcesBuildPhase section */
		696238D31FB19AF500E9C06F /* Sources */ = {
			isa = PBXSourcesBuildPhase;
			buildActionMask = 2147483647;
			files = (
				694C86C31FB6E16C006258CC /* AuthVC.swift in Sources */,
				696238DF1FB19AF600E9C06F /* SecondViewController.swift in Sources */,
				694C86C51FB6E1E1006258CC /* LoginVC.swift in Sources */,
				696238DB1FB19AF600E9C06F /* AppDelegate.swift in Sources */,
				694C86CA1FB6E869006258CC /* ShadowView.swift in Sources */,
				696238DD1FB19AF600E9C06F /* FirstViewController.swift in Sources */,
				694C86C71FB6E256006258CC /* InsetTextField.swift in Sources */,
				694A0F041FB1A264005ABA10 /* DataServices.swift in Sources */,
			);
			runOnlyForDeploymentPostprocessing = 0;
		};
/* End PBXSourcesBuildPhase section */

/* Begin PBXVariantGroup section */
		696238E01FB19AF600E9C06F /* Main.storyboard */ = {
			isa = PBXVariantGroup;
			children = (
				696238E11FB19AF600E9C06F /* Base */,
			);
			name = Main.storyboard;
			sourceTree = "<group>";
		};
		696238E51FB19AF600E9C06F /* LaunchScreen.storyboard */ = {
			isa = PBXVariantGroup;
			children = (
				696238E61FB19AF600E9C06F /* Base */,
			);
			name = LaunchScreen.storyboard;
			sourceTree = "<group>";
		};
/* End PBXVariantGroup section */

/* Begin XCBuildConfiguration section */
		696238E91FB19AF600E9C06F /* Debug */ = {
			isa = XCBuildConfiguration;
			buildSettings = {
				ALWAYS_SEARCH_USER_PATHS = NO;
				CLANG_ANALYZER_NONNULL = YES;
				CLANG_ANALYZER_NUMBER_OBJECT_CONVERSION = YES_AGGRESSIVE;
				CLANG_CXX_LANGUAGE_STANDARD = "gnu++14";
				CLANG_CXX_LIBRARY = "libc++";
				CLANG_ENABLE_MODULES = YES;
				CLANG_ENABLE_OBJC_ARC = YES;
				CLANG_WARN_BLOCK_CAPTURE_AUTORELEASING = YES;
				CLANG_WARN_BOOL_CONVERSION = YES;
				CLANG_WARN_COMMA = YES;
				CLANG_WARN_CONSTANT_CONVERSION = YES;
				CLANG_WARN_DIRECT_OBJC_ISA_USAGE = YES_ERROR;
				CLANG_WARN_DOCUMENTATION_COMMENTS = YES;
				CLANG_WARN_EMPTY_BODY = YES;
				CLANG_WARN_ENUM_CONVERSION = YES;
				CLANG_WARN_INFINITE_RECURSION = YES;
				CLANG_WARN_INT_CONVERSION = YES;
				CLANG_WARN_NON_LITERAL_NULL_CONVERSION = YES;
				CLANG_WARN_OBJC_LITERAL_CONVERSION = YES;
				CLANG_WARN_OBJC_ROOT_CLASS = YES_ERROR;
				CLANG_WARN_RANGE_LOOP_ANALYSIS = YES;
				CLANG_WARN_STRICT_PROTOTYPES = YES;
				CLANG_WARN_SUSPICIOUS_MOVE = YES;
				CLANG_WARN_UNGUARDED_AVAILABILITY = YES_AGGRESSIVE;
				CLANG_WARN_UNREACHABLE_CODE = YES;
				CLANG_WARN__DUPLICATE_METHOD_MATCH = YES;
				CODE_SIGN_IDENTITY = "iPhone Developer";
				COPY_PHASE_STRIP = NO;
				DEBUG_INFORMATION_FORMAT = dwarf;
				ENABLE_STRICT_OBJC_MSGSEND = YES;
				ENABLE_TESTABILITY = YES;
				GCC_C_LANGUAGE_STANDARD = gnu11;
				GCC_DYNAMIC_NO_PIC = NO;
				GCC_NO_COMMON_BLOCKS = YES;
				GCC_OPTIMIZATION_LEVEL = 0;
				GCC_PREPROCESSOR_DEFINITIONS = (
					"DEBUG=1",
					"$(inherited)",
				);
				GCC_WARN_64_TO_32_BIT_CONVERSION = YES;
				GCC_WARN_ABOUT_RETURN_TYPE = YES_ERROR;
				GCC_WARN_UNDECLARED_SELECTOR = YES;
				GCC_WARN_UNINITIALIZED_AUTOS = YES_AGGRESSIVE;
				GCC_WARN_UNUSED_FUNCTION = YES;
				GCC_WARN_UNUSED_VARIABLE = YES;
				IPHONEOS_DEPLOYMENT_TARGET = 11.0;
				MTL_ENABLE_DEBUG_INFO = YES;
				ONLY_ACTIVE_ARCH = YES;
				SDKROOT = iphoneos;
				SWIFT_ACTIVE_COMPILATION_CONDITIONS = DEBUG;
				SWIFT_OPTIMIZATION_LEVEL = "-Onone";
			};
			name = Debug;
		};
		696238EA1FB19AF600E9C06F /* Release */ = {
			isa = XCBuildConfiguration;
			buildSettings = {
				ALWAYS_SEARCH_USER_PATHS = NO;
				CLANG_ANALYZER_NONNULL = YES;
				CLANG_ANALYZER_NUMBER_OBJECT_CONVERSION = YES_AGGRESSIVE;
				CLANG_CXX_LANGUAGE_STANDARD = "gnu++14";
				CLANG_CXX_LIBRARY = "libc++";
				CLANG_ENABLE_MODULES = YES;
				CLANG_ENABLE_OBJC_ARC = YES;
				CLANG_WARN_BLOCK_CAPTURE_AUTORELEASING = YES;
				CLANG_WARN_BOOL_CONVERSION = YES;
				CLANG_WARN_COMMA = YES;
				CLANG_WARN_CONSTANT_CONVERSION = YES;
				CLANG_WARN_DIRECT_OBJC_ISA_USAGE = YES_ERROR;
				CLANG_WARN_DOCUMENTATION_COMMENTS = YES;
				CLANG_WARN_EMPTY_BODY = YES;
				CLANG_WARN_ENUM_CONVERSION = YES;
				CLANG_WARN_INFINITE_RECURSION = YES;
				CLANG_WARN_INT_CONVERSION = YES;
				CLANG_WARN_NON_LITERAL_NULL_CONVERSION = YES;
				CLANG_WARN_OBJC_LITERAL_CONVERSION = YES;
				CLANG_WARN_OBJC_ROOT_CLASS = YES_ERROR;
				CLANG_WARN_RANGE_LOOP_ANALYSIS = YES;
				CLANG_WARN_STRICT_PROTOTYPES = YES;
				CLANG_WARN_SUSPICIOUS_MOVE = YES;
				CLANG_WARN_UNGUARDED_AVAILABILITY = YES_AGGRESSIVE;
				CLANG_WARN_UNREACHABLE_CODE = YES;
				CLANG_WARN__DUPLICATE_METHOD_MATCH = YES;
				CODE_SIGN_IDENTITY = "iPhone Developer";
				COPY_PHASE_STRIP = NO;
				DEBUG_INFORMATION_FORMAT = "dwarf-with-dsym";
				ENABLE_NS_ASSERTIONS = NO;
				ENABLE_STRICT_OBJC_MSGSEND = YES;
				GCC_C_LANGUAGE_STANDARD = gnu11;
				GCC_NO_COMMON_BLOCKS = YES;
				GCC_WARN_64_TO_32_BIT_CONVERSION = YES;
				GCC_WARN_ABOUT_RETURN_TYPE = YES_ERROR;
				GCC_WARN_UNDECLARED_SELECTOR = YES;
				GCC_WARN_UNINITIALIZED_AUTOS = YES_AGGRESSIVE;
				GCC_WARN_UNUSED_FUNCTION = YES;
				GCC_WARN_UNUSED_VARIABLE = YES;
				IPHONEOS_DEPLOYMENT_TARGET = 11.0;
				MTL_ENABLE_DEBUG_INFO = NO;
				SDKROOT = iphoneos;
				SWIFT_OPTIMIZATION_LEVEL = "-Owholemodule";
				VALIDATE_PRODUCT = YES;
			};
			name = Release;
		};
		696238EC1FB19AF600E9C06F /* Debug */ = {
			isa = XCBuildConfiguration;
			baseConfigurationReference = AE63425C873FD2B244F31B8E /* Pods-breakpoint.debug.xcconfig */;
			buildSettings = {
				ASSETCATALOG_COMPILER_APPICON_NAME = AppIcon;
				CODE_SIGN_STYLE = Automatic;
				DEVELOPMENT_TEAM = CHZWYBA9N7;
				INFOPLIST_FILE = breakpoint/Info.plist;
				LD_RUNPATH_SEARCH_PATHS = "$(inherited) @executable_path/Frameworks";
				PRODUCT_BUNDLE_IDENTIFIER = com.AliceChang.breakpoint;
				PRODUCT_NAME = "$(TARGET_NAME)";
				SWIFT_VERSION = 4.0;
				TARGETED_DEVICE_FAMILY = "1,2";
			};
			name = Debug;
		};
		696238ED1FB19AF600E9C06F /* Release */ = {
			isa = XCBuildConfiguration;
			baseConfigurationReference = F7815BD48C889726A8353225 /* Pods-breakpoint.release.xcconfig */;
			buildSettings = {
				ASSETCATALOG_COMPILER_APPICON_NAME = AppIcon;
				CODE_SIGN_STYLE = Automatic;
				DEVELOPMENT_TEAM = CHZWYBA9N7;
				INFOPLIST_FILE = breakpoint/Info.plist;
				LD_RUNPATH_SEARCH_PATHS = "$(inherited) @executable_path/Frameworks";
				PRODUCT_BUNDLE_IDENTIFIER = com.AliceChang.breakpoint;
				PRODUCT_NAME = "$(TARGET_NAME)";
				SWIFT_VERSION = 4.0;
				TARGETED_DEVICE_FAMILY = "1,2";
			};
			name = Release;
		};
/* End XCBuildConfiguration section */

/* Begin XCConfigurationList section */
		696238D21FB19AF500E9C06F /* Build configuration list for PBXProject "breakpoint" */ = {
			isa = XCConfigurationList;
			buildConfigurations = (
				696238E91FB19AF600E9C06F /* Debug */,
				696238EA1FB19AF600E9C06F /* Release */,
			);
			defaultConfigurationIsVisible = 0;
			defaultConfigurationName = Release;
		};
		696238EB1FB19AF600E9C06F /* Build configuration list for PBXNativeTarget "breakpoint" */ = {
			isa = XCConfigurationList;
			buildConfigurations = (
				696238EC1FB19AF600E9C06F /* Debug */,
				696238ED1FB19AF600E9C06F /* Release */,
			);
			defaultConfigurationIsVisible = 0;
			defaultConfigurationName = Release;
		};
/* End XCConfigurationList section */
	};
	rootObject = 696238CF1FB19AF500E9C06F /* Project object */;
}
